// !$*UTF8*$!
{
	archiveVersion = 1;
	classes = {
	};
	objectVersion = 52;
	objects = {

/* Begin PBXBuildFile section */
		A5496C16242563E4002986FF /* AppDelegate.swift in Sources */ = {isa = PBXBuildFile; fileRef = A5496C15242563E4002986FF /* AppDelegate.swift */; };
		A5496C18242563E4002986FF /* SceneDelegate.swift in Sources */ = {isa = PBXBuildFile; fileRef = A5496C17242563E4002986FF /* SceneDelegate.swift */; };
		A5496C1D242563E4002986FF /* Main.storyboard in Resources */ = {isa = PBXBuildFile; fileRef = A5496C1B242563E4002986FF /* Main.storyboard */; };
		A5496C1F242563E5002986FF /* Assets.xcassets in Resources */ = {isa = PBXBuildFile; fileRef = A5496C1E242563E5002986FF /* Assets.xcassets */; };
		A5496C22242563E5002986FF /* LaunchScreen.storyboard in Resources */ = {isa = PBXBuildFile; fileRef = A5496C20242563E5002986FF /* LaunchScreen.storyboard */; };
		A5496C2B242A0EF7002986FF /* NewLinkViewController.swift in Sources */ = {isa = PBXBuildFile; fileRef = A5496C2A242A0EF7002986FF /* NewLinkViewController.swift */; };
		A5496C2F242A0F32002986FF /* PathTableViewCell.swift in Sources */ = {isa = PBXBuildFile; fileRef = A5496C2E242A0F32002986FF /* PathTableViewCell.swift */; };
		A5496C31242A0F42002986FF /* ParameterTableViewCell.swift in Sources */ = {isa = PBXBuildFile; fileRef = A5496C30242A0F42002986FF /* ParameterTableViewCell.swift */; };
		A5496C35242ABB28002986FF /* HBAutocomplete in Frameworks */ = {isa = PBXBuildFile; productRef = A5496C34242ABB28002986FF /* HBAutocomplete */; };
		A5496C3E242AC2E2002986FF /* SearchAddressViewController.swift in Sources */ = {isa = PBXBuildFile; fileRef = A5496C3D242AC2E2002986FF /* SearchAddressViewController.swift */; };
		A5496C40242AC2EE002986FF /* AddressAutocompleteDataSource.swift in Sources */ = {isa = PBXBuildFile; fileRef = A5496C3F242AC2EE002986FF /* AddressAutocompleteDataSource.swift */; };
		A5496C43242AC342002986FF /* UIViewController+Extension.swift in Sources */ = {isa = PBXBuildFile; fileRef = A5496C42242AC342002986FF /* UIViewController+Extension.swift */; };
		A5496C45242AC4B0002986FF /* PlaceAutocompleteDataSource.swift in Sources */ = {isa = PBXBuildFile; fileRef = A5496C44242AC4B0002986FF /* PlaceAutocompleteDataSource.swift */; };
		A5496C47242AC6E2002986FF /* GooglePlaceAutocompleteDataSource.swift in Sources */ = {isa = PBXBuildFile; fileRef = A5496C46242AC6E2002986FF /* GooglePlaceAutocompleteDataSource.swift */; };
		A5496C49242AC7B9002986FF /* PRestAPICallManager.swift in Sources */ = {isa = PBXBuildFile; fileRef = A5496C48242AC7B9002986FF /* PRestAPICallManager.swift */; };
		A5C00218242CA96C007BC209 /* DatePickerViewController.swift in Sources */ = {isa = PBXBuildFile; fileRef = A5C00217242CA96C007BC209 /* DatePickerViewController.swift */; };
		A5C0021A242CEE0C007BC209 /* Date+Extensions.swift in Sources */ = {isa = PBXBuildFile; fileRef = A5C00219242CEE0C007BC209 /* Date+Extensions.swift */; };
		A5F80A5F242ACC3300B1D010 /* APICallMessages.swift in Sources */ = {isa = PBXBuildFile; fileRef = A5F80A5E242ACC3300B1D010 /* APICallMessages.swift */; };
		A5F80A61242ACF0F00B1D010 /* APICallMessages.strings in Resources */ = {isa = PBXBuildFile; fileRef = A5F80A60242ACF0F00B1D010 /* APICallMessages.strings */; };
		A5F80A66242B3E9D00B1D010 /* NewLinkTableViewDataSource.swift in Sources */ = {isa = PBXBuildFile; fileRef = A5F80A65242B3E9D00B1D010 /* NewLinkTableViewDataSource.swift */; };
		A5FAD1AA242BF2DC00282CA4 /* URLParameterDelegate.swift in Sources */ = {isa = PBXBuildFile; fileRef = A5FAD1A9242BF2DC00282CA4 /* URLParameterDelegate.swift */; };
/* End PBXBuildFile section */

/* Begin PBXFileReference section */
		A5496C12242563E4002986FF /* DeepLinker.app */ = {isa = PBXFileReference; explicitFileType = wrapper.application; includeInIndex = 0; path = DeepLinker.app; sourceTree = BUILT_PRODUCTS_DIR; };
		A5496C15242563E4002986FF /* AppDelegate.swift */ = {isa = PBXFileReference; lastKnownFileType = sourcecode.swift; path = AppDelegate.swift; sourceTree = "<group>"; };
		A5496C17242563E4002986FF /* SceneDelegate.swift */ = {isa = PBXFileReference; lastKnownFileType = sourcecode.swift; path = SceneDelegate.swift; sourceTree = "<group>"; };
		A5496C1C242563E4002986FF /* Base */ = {isa = PBXFileReference; lastKnownFileType = file.storyboard; name = Base; path = Base.lproj/Main.storyboard; sourceTree = "<group>"; };
		A5496C1E242563E5002986FF /* Assets.xcassets */ = {isa = PBXFileReference; lastKnownFileType = folder.assetcatalog; path = Assets.xcassets; sourceTree = "<group>"; };
		A5496C21242563E5002986FF /* Base */ = {isa = PBXFileReference; lastKnownFileType = file.storyboard; name = Base; path = Base.lproj/LaunchScreen.storyboard; sourceTree = "<group>"; };
		A5496C23242563E5002986FF /* Info.plist */ = {isa = PBXFileReference; lastKnownFileType = text.plist.xml; path = Info.plist; sourceTree = "<group>"; };
		A5496C2A242A0EF7002986FF /* NewLinkViewController.swift */ = {isa = PBXFileReference; lastKnownFileType = sourcecode.swift; path = NewLinkViewController.swift; sourceTree = "<group>"; };
		A5496C2E242A0F32002986FF /* PathTableViewCell.swift */ = {isa = PBXFileReference; lastKnownFileType = sourcecode.swift; path = PathTableViewCell.swift; sourceTree = "<group>"; };
		A5496C30242A0F42002986FF /* ParameterTableViewCell.swift */ = {isa = PBXFileReference; lastKnownFileType = sourcecode.swift; path = ParameterTableViewCell.swift; sourceTree = "<group>"; };
		A5496C3D242AC2E2002986FF /* SearchAddressViewController.swift */ = {isa = PBXFileReference; fileEncoding = 4; lastKnownFileType = sourcecode.swift; path = SearchAddressViewController.swift; sourceTree = "<group>"; };
		A5496C3F242AC2EE002986FF /* AddressAutocompleteDataSource.swift */ = {isa = PBXFileReference; fileEncoding = 4; lastKnownFileType = sourcecode.swift; path = AddressAutocompleteDataSource.swift; sourceTree = "<group>"; };
		A5496C42242AC342002986FF /* UIViewController+Extension.swift */ = {isa = PBXFileReference; lastKnownFileType = sourcecode.swift; path = "UIViewController+Extension.swift"; sourceTree = "<group>"; };
		A5496C44242AC4B0002986FF /* PlaceAutocompleteDataSource.swift */ = {isa = PBXFileReference; fileEncoding = 4; lastKnownFileType = sourcecode.swift; path = PlaceAutocompleteDataSource.swift; sourceTree = "<group>"; };
		A5496C46242AC6E2002986FF /* GooglePlaceAutocompleteDataSource.swift */ = {isa = PBXFileReference; lastKnownFileType = sourcecode.swift; path = GooglePlaceAutocompleteDataSource.swift; sourceTree = "<group>"; };
		A5496C48242AC7B9002986FF /* PRestAPICallManager.swift */ = {isa = PBXFileReference; fileEncoding = 4; lastKnownFileType = sourcecode.swift; path = PRestAPICallManager.swift; sourceTree = "<group>"; };
		A5C00217242CA96C007BC209 /* DatePickerViewController.swift */ = {isa = PBXFileReference; lastKnownFileType = sourcecode.swift; path = DatePickerViewController.swift; sourceTree = "<group>"; };
		A5C00219242CEE0C007BC209 /* Date+Extensions.swift */ = {isa = PBXFileReference; lastKnownFileType = sourcecode.swift; path = "Date+Extensions.swift"; sourceTree = "<group>"; };
		A5F80A5E242ACC3300B1D010 /* APICallMessages.swift */ = {isa = PBXFileReference; fileEncoding = 4; lastKnownFileType = sourcecode.swift; path = APICallMessages.swift; sourceTree = "<group>"; };
		A5F80A60242ACF0F00B1D010 /* APICallMessages.strings */ = {isa = PBXFileReference; fileEncoding = 4; lastKnownFileType = text.plist.strings; path = APICallMessages.strings; sourceTree = "<group>"; };
		A5F80A62242AD0EB00B1D010 /* HBAutocomplete */ = {isa = PBXFileReference; lastKnownFileType = folder; name = HBAutocomplete; path = ../HBAutocomplete; sourceTree = "<group>"; };
		A5F80A65242B3E9D00B1D010 /* NewLinkTableViewDataSource.swift */ = {isa = PBXFileReference; lastKnownFileType = sourcecode.swift; path = NewLinkTableViewDataSource.swift; sourceTree = "<group>"; };
		A5FAD1A9242BF2DC00282CA4 /* URLParameterDelegate.swift */ = {isa = PBXFileReference; lastKnownFileType = sourcecode.swift; path = URLParameterDelegate.swift; sourceTree = "<group>"; };
/* End PBXFileReference section */

/* Begin PBXFrameworksBuildPhase section */
		A5496C0F242563E4002986FF /* Frameworks */ = {
			isa = PBXFrameworksBuildPhase;
			buildActionMask = 2147483647;
			files = (
				A5496C35242ABB28002986FF /* HBAutocomplete in Frameworks */,
			);
			runOnlyForDeploymentPostprocessing = 0;
		};
/* End PBXFrameworksBuildPhase section */

/* Begin PBXGroup section */
		A5496C09242563E4002986FF = {
			isa = PBXGroup;
			children = (
				A5F80A62242AD0EB00B1D010 /* HBAutocomplete */,
				A5496C14242563E4002986FF /* DeepLinker */,
				A5496C13242563E4002986FF /* Products */,
			);
			sourceTree = "<group>";
		};
		A5496C13242563E4002986FF /* Products */ = {
			isa = PBXGroup;
			children = (
				A5496C12242563E4002986FF /* DeepLinker.app */,
			);
			name = Products;
			sourceTree = "<group>";
		};
		A5496C14242563E4002986FF /* DeepLinker */ = {
			isa = PBXGroup;
			children = (
				A5496C39242AC12A002986FF /* App */,
				A5496C29242A0ED2002986FF /* ViewController */,
				A5496C41242AC325002986FF /* Utils */,
				A5496C38242AC10A002986FF /* Ressources */,
			);
			path = DeepLinker;
			sourceTree = "<group>";
		};
		A5496C29242A0ED2002986FF /* ViewController */ = {
			isa = PBXGroup;
			children = (
				A5C00216242CA950007BC209 /* Date */,
				A5496C3B242AC1CB002986FF /* Address */,
				A5496C3A242AC1A7002986FF /* NewLink */,
			);
			path = ViewController;
			sourceTree = "<group>";
		};
		A5496C2C242A0EFC002986FF /* TableViewCell */ = {
			isa = PBXGroup;
			children = (
				A5496C2E242A0F32002986FF /* PathTableViewCell.swift */,
				A5496C30242A0F42002986FF /* ParameterTableViewCell.swift */,
			);
			path = TableViewCell;
			sourceTree = "<group>";
		};
		A5496C38242AC10A002986FF /* Ressources */ = {
			isa = PBXGroup;
			children = (
				A5496C1B242563E4002986FF /* Main.storyboard */,
				A5496C1E242563E5002986FF /* Assets.xcassets */,
				A5496C20242563E5002986FF /* LaunchScreen.storyboard */,
				A5496C23242563E5002986FF /* Info.plist */,
			);
			path = Ressources;
			sourceTree = "<group>";
		};
		A5496C39242AC12A002986FF /* App */ = {
			isa = PBXGroup;
			children = (
				A5496C15242563E4002986FF /* AppDelegate.swift */,
				A5496C17242563E4002986FF /* SceneDelegate.swift */,
			);
			path = App;
			sourceTree = "<group>";
		};
		A5496C3A242AC1A7002986FF /* NewLink */ = {
			isa = PBXGroup;
			children = (
				A5FAD1A8242BF2C800282CA4 /* Protocol */,
				A5F80A64242B3E8000B1D010 /* Datasource */,
				A5496C2C242A0EFC002986FF /* TableViewCell */,
				A5496C2A242A0EF7002986FF /* NewLinkViewController.swift */,
			);
			path = NewLink;
			sourceTree = "<group>";
		};
		A5496C3B242AC1CB002986FF /* Address */ = {
			isa = PBXGroup;
			children = (
				A5496C3D242AC2E2002986FF /* SearchAddressViewController.swift */,
				A5496C3C242AC249002986FF /* AutocompleteDatasource */,
			);
			path = Address;
			sourceTree = "<group>";
		};
		A5496C3C242AC249002986FF /* AutocompleteDatasource */ = {
			isa = PBXGroup;
			children = (
				A5496C44242AC4B0002986FF /* PlaceAutocompleteDataSource.swift */,
				A5496C3F242AC2EE002986FF /* AddressAutocompleteDataSource.swift */,
				A5496C46242AC6E2002986FF /* GooglePlaceAutocompleteDataSource.swift */,
			);
			path = AutocompleteDatasource;
			sourceTree = "<group>";
		};
		A5496C41242AC325002986FF /* Utils */ = {
			isa = PBXGroup;
			children = (
				A5F80A63242ADA2000B1D010 /* APIRest */,
				A5496C42242AC342002986FF /* UIViewController+Extension.swift */,
				A5C00219242CEE0C007BC209 /* Date+Extensions.swift */,
			);
			path = Utils;
			sourceTree = "<group>";
		};
		A5C00216242CA950007BC209 /* Date */ = {
			isa = PBXGroup;
			children = (
				A5C00217242CA96C007BC209 /* DatePickerViewController.swift */,
			);
			path = Date;
			sourceTree = "<group>";
		};
		A5F80A63242ADA2000B1D010 /* APIRest */ = {
			isa = PBXGroup;
			children = (
				A5F80A60242ACF0F00B1D010 /* APICallMessages.strings */,
				A5F80A5E242ACC3300B1D010 /* APICallMessages.swift */,
				A5496C48242AC7B9002986FF /* PRestAPICallManager.swift */,
			);
			path = APIRest;
			sourceTree = "<group>";
		};
		A5F80A64242B3E8000B1D010 /* Datasource */ = {
			isa = PBXGroup;
			children = (
				A5F80A65242B3E9D00B1D010 /* NewLinkTableViewDataSource.swift */,
			);
			path = Datasource;
			sourceTree = "<group>";
		};
		A5FAD1A8242BF2C800282CA4 /* Protocol */ = {
			isa = PBXGroup;
			children = (
				A5FAD1A9242BF2DC00282CA4 /* URLParameterDelegate.swift */,
			);
			path = Protocol;
			sourceTree = "<group>";
		};
/* End PBXGroup section */

/* Begin PBXNativeTarget section */
		A5496C11242563E4002986FF /* DeepLinker */ = {
			isa = PBXNativeTarget;
			buildConfigurationList = A5496C26242563E5002986FF /* Build configuration list for PBXNativeTarget "DeepLinker" */;
			buildPhases = (
				A5496C0E242563E4002986FF /* Sources */,
				A5496C0F242563E4002986FF /* Frameworks */,
				A5496C10242563E4002986FF /* Resources */,
			);
			buildRules = (
			);
			dependencies = (
			);
			name = DeepLinker;
			packageProductDependencies = (
				A5496C34242ABB28002986FF /* HBAutocomplete */,
			);
			productName = DeepLinker;
			productReference = A5496C12242563E4002986FF /* DeepLinker.app */;
			productType = "com.apple.product-type.application";
		};
/* End PBXNativeTarget section */

/* Begin PBXProject section */
		A5496C0A242563E4002986FF /* Project object */ = {
			isa = PBXProject;
			attributes = {
				LastSwiftUpdateCheck = 1130;
				LastUpgradeCheck = 1130;
				ORGANIZATIONNAME = HBD;
				TargetAttributes = {
					A5496C11242563E4002986FF = {
						CreatedOnToolsVersion = 11.3.1;
					};
				};
			};
			buildConfigurationList = A5496C0D242563E4002986FF /* Build configuration list for PBXProject "DeepLinker" */;
			compatibilityVersion = "Xcode 9.3";
			developmentRegion = en;
			hasScannedForEncodings = 0;
			knownRegions = (
				en,
				Base,
			);
			mainGroup = A5496C09242563E4002986FF;
			packageReferences = (
				A5496C33242ABB28002986FF /* XCRemoteSwiftPackageReference "HBAutocomplete" */,
			);
			productRefGroup = A5496C13242563E4002986FF /* Products */;
			projectDirPath = "";
			projectRoot = "";
			targets = (
				A5496C11242563E4002986FF /* DeepLinker */,
			);
		};
/* End PBXProject section */

/* Begin PBXResourcesBuildPhase section */
		A5496C10242563E4002986FF /* Resources */ = {
			isa = PBXResourcesBuildPhase;
			buildActionMask = 2147483647;
			files = (
				A5496C22242563E5002986FF /* LaunchScreen.storyboard in Resources */,
				A5F80A61242ACF0F00B1D010 /* APICallMessages.strings in Resources */,
				A5496C1F242563E5002986FF /* Assets.xcassets in Resources */,
				A5496C1D242563E4002986FF /* Main.storyboard in Resources */,
			);
			runOnlyForDeploymentPostprocessing = 0;
		};
/* End PBXResourcesBuildPhase section */

/* Begin PBXSourcesBuildPhase section */
		A5496C0E242563E4002986FF /* Sources */ = {
			isa = PBXSourcesBuildPhase;
			buildActionMask = 2147483647;
			files = (
				A5496C43242AC342002986FF /* UIViewController+Extension.swift in Sources */,
				A5496C31242A0F42002986FF /* ParameterTableViewCell.swift in Sources */,
				A5F80A5F242ACC3300B1D010 /* APICallMessages.swift in Sources */,
				A5496C45242AC4B0002986FF /* PlaceAutocompleteDataSource.swift in Sources */,
				A5496C47242AC6E2002986FF /* GooglePlaceAutocompleteDataSource.swift in Sources */,
				A5496C2B242A0EF7002986FF /* NewLinkViewController.swift in Sources */,
				A5496C16242563E4002986FF /* AppDelegate.swift in Sources */,
				A5F80A66242B3E9D00B1D010 /* NewLinkTableViewDataSource.swift in Sources */,
				A5FAD1AA242BF2DC00282CA4 /* URLParameterDelegate.swift in Sources */,
				A5C0021A242CEE0C007BC209 /* Date+Extensions.swift in Sources */,
				A5496C18242563E4002986FF /* SceneDelegate.swift in Sources */,
				A5496C49242AC7B9002986FF /* PRestAPICallManager.swift in Sources */,
				A5C00218242CA96C007BC209 /* DatePickerViewController.swift in Sources */,
				A5496C2F242A0F32002986FF /* PathTableViewCell.swift in Sources */,
				A5496C40242AC2EE002986FF /* AddressAutocompleteDataSource.swift in Sources */,
				A5496C3E242AC2E2002986FF /* SearchAddressViewController.swift in Sources */,
			);
			runOnlyForDeploymentPostprocessing = 0;
		};
/* End PBXSourcesBuildPhase section */

/* Begin PBXVariantGroup section */
		A5496C1B242563E4002986FF /* Main.storyboard */ = {
			isa = PBXVariantGroup;
			children = (
				A5496C1C242563E4002986FF /* Base */,
			);
			name = Main.storyboard;
			sourceTree = "<group>";
		};
		A5496C20242563E5002986FF /* LaunchScreen.storyboard */ = {
			isa = PBXVariantGroup;
			children = (
				A5496C21242563E5002986FF /* Base */,
			);
			name = LaunchScreen.storyboard;
			sourceTree = "<group>";
		};
/* End PBXVariantGroup section */

/* Begin XCBuildConfiguration section */
		A5496C24242563E5002986FF /* Debug */ = {
			isa = XCBuildConfiguration;
			buildSettings = {
				ALWAYS_SEARCH_USER_PATHS = NO;
				CLANG_ANALYZER_NONNULL = YES;
				CLANG_ANALYZER_NUMBER_OBJECT_CONVERSION = YES_AGGRESSIVE;
				CLANG_CXX_LANGUAGE_STANDARD = "gnu++14";
				CLANG_CXX_LIBRARY = "libc++";
				CLANG_ENABLE_MODULES = YES;
				CLANG_ENABLE_OBJC_ARC = YES;
				CLANG_ENABLE_OBJC_WEAK = YES;
				CLANG_WARN_BLOCK_CAPTURE_AUTORELEASING = YES;
				CLANG_WARN_BOOL_CONVERSION = YES;
				CLANG_WARN_COMMA = YES;
				CLANG_WARN_CONSTANT_CONVERSION = YES;
				CLANG_WARN_DEPRECATED_OBJC_IMPLEMENTATIONS = YES;
				CLANG_WARN_DIRECT_OBJC_ISA_USAGE = YES_ERROR;
				CLANG_WARN_DOCUMENTATION_COMMENTS = YES;
				CLANG_WARN_EMPTY_BODY = YES;
				CLANG_WARN_ENUM_CONVERSION = YES;
				CLANG_WARN_INFINITE_RECURSION = YES;
				CLANG_WARN_INT_CONVERSION = YES;
				CLANG_WARN_NON_LITERAL_NULL_CONVERSION = YES;
				CLANG_WARN_OBJC_IMPLICIT_RETAIN_SELF = YES;
				CLANG_WARN_OBJC_LITERAL_CONVERSION = YES;
				CLANG_WARN_OBJC_ROOT_CLASS = YES_ERROR;
				CLANG_WARN_RANGE_LOOP_ANALYSIS = YES;
				CLANG_WARN_STRICT_PROTOTYPES = YES;
				CLANG_WARN_SUSPICIOUS_MOVE = YES;
				CLANG_WARN_UNGUARDED_AVAILABILITY = YES_AGGRESSIVE;
				CLANG_WARN_UNREACHABLE_CODE = YES;
				CLANG_WARN__DUPLICATE_METHOD_MATCH = YES;
				COPY_PHASE_STRIP = NO;
				DEBUG_INFORMATION_FORMAT = dwarf;
				ENABLE_STRICT_OBJC_MSGSEND = YES;
				ENABLE_TESTABILITY = YES;
				GCC_C_LANGUAGE_STANDARD = gnu11;
				GCC_DYNAMIC_NO_PIC = NO;
				GCC_NO_COMMON_BLOCKS = YES;
				GCC_OPTIMIZATION_LEVEL = 0;
				GCC_PREPROCESSOR_DEFINITIONS = (
					"DEBUG=1",
					"$(inherited)",
				);
				GCC_WARN_64_TO_32_BIT_CONVERSION = YES;
				GCC_WARN_ABOUT_RETURN_TYPE = YES_ERROR;
				GCC_WARN_UNDECLARED_SELECTOR = YES;
				GCC_WARN_UNINITIALIZED_AUTOS = YES_AGGRESSIVE;
				GCC_WARN_UNUSED_FUNCTION = YES;
				GCC_WARN_UNUSED_VARIABLE = YES;
				IPHONEOS_DEPLOYMENT_TARGET = 13.2;
				MTL_ENABLE_DEBUG_INFO = INCLUDE_SOURCE;
				MTL_FAST_MATH = YES;
				ONLY_ACTIVE_ARCH = YES;
				SDKROOT = iphoneos;
				SWIFT_ACTIVE_COMPILATION_CONDITIONS = DEBUG;
				SWIFT_OPTIMIZATION_LEVEL = "-Onone";
			};
			name = Debug;
		};
		A5496C25242563E5002986FF /* Release */ = {
			isa = XCBuildConfiguration;
			buildSettings = {
				ALWAYS_SEARCH_USER_PATHS = NO;
				CLANG_ANALYZER_NONNULL = YES;
				CLANG_ANALYZER_NUMBER_OBJECT_CONVERSION = YES_AGGRESSIVE;
				CLANG_CXX_LANGUAGE_STANDARD = "gnu++14";
				CLANG_CXX_LIBRARY = "libc++";
				CLANG_ENABLE_MODULES = YES;
				CLANG_ENABLE_OBJC_ARC = YES;
				CLANG_ENABLE_OBJC_WEAK = YES;
				CLANG_WARN_BLOCK_CAPTURE_AUTORELEASING = YES;
				CLANG_WARN_BOOL_CONVERSION = YES;
				CLANG_WARN_COMMA = YES;
				CLANG_WARN_CONSTANT_CONVERSION = YES;
				CLANG_WARN_DEPRECATED_OBJC_IMPLEMENTATIONS = YES;
				CLANG_WARN_DIRECT_OBJC_ISA_USAGE = YES_ERROR;
				CLANG_WARN_DOCUMENTATION_COMMENTS = YES;
				CLANG_WARN_EMPTY_BODY = YES;
				CLANG_WARN_ENUM_CONVERSION = YES;
				CLANG_WARN_INFINITE_RECURSION = YES;
				CLANG_WARN_INT_CONVERSION = YES;
				CLANG_WARN_NON_LITERAL_NULL_CONVERSION = YES;
				CLANG_WARN_OBJC_IMPLICIT_RETAIN_SELF = YES;
				CLANG_WARN_OBJC_LITERAL_CONVERSION = YES;
				CLANG_WARN_OBJC_ROOT_CLASS = YES_ERROR;
				CLANG_WARN_RANGE_LOOP_ANALYSIS = YES;
				CLANG_WARN_STRICT_PROTOTYPES = YES;
				CLANG_WARN_SUSPICIOUS_MOVE = YES;
				CLANG_WARN_UNGUARDED_AVAILABILITY = YES_AGGRESSIVE;
				CLANG_WARN_UNREACHABLE_CODE = YES;
				CLANG_WARN__DUPLICATE_METHOD_MATCH = YES;
				COPY_PHASE_STRIP = NO;
				DEBUG_INFORMATION_FORMAT = "dwarf-with-dsym";
				ENABLE_NS_ASSERTIONS = NO;
				ENABLE_STRICT_OBJC_MSGSEND = YES;
				GCC_C_LANGUAGE_STANDARD = gnu11;
				GCC_NO_COMMON_BLOCKS = YES;
				GCC_WARN_64_TO_32_BIT_CONVERSION = YES;
				GCC_WARN_ABOUT_RETURN_TYPE = YES_ERROR;
				GCC_WARN_UNDECLARED_SELECTOR = YES;
				GCC_WARN_UNINITIALIZED_AUTOS = YES_AGGRESSIVE;
				GCC_WARN_UNUSED_FUNCTION = YES;
				GCC_WARN_UNUSED_VARIABLE = YES;
				IPHONEOS_DEPLOYMENT_TARGET = 13.2;
				MTL_ENABLE_DEBUG_INFO = NO;
				MTL_FAST_MATH = YES;
				SDKROOT = iphoneos;
				SWIFT_COMPILATION_MODE = wholemodule;
				SWIFT_OPTIMIZATION_LEVEL = "-O";
				VALIDATE_PRODUCT = YES;
			};
			name = Release;
		};
		A5496C27242563E5002986FF /* Debug */ = {
			isa = XCBuildConfiguration;
			buildSettings = {
				ASSETCATALOG_COMPILER_APPICON_NAME = AppIcon;
				CODE_SIGN_STYLE = Automatic;
				CURRENT_PROJECT_VERSION = 1;
				DEVELOPMENT_TEAM = T5222MQQ55;
				INFOPLIST_FILE = DeepLinker/Ressources/Info.plist;
				LD_RUNPATH_SEARCH_PATHS = (
					"$(inherited)",
					"@executable_path/Frameworks",
				);
				MARKETING_VERSION = 1.0.0;
				PRODUCT_BUNDLE_IDENTIFIER = com.hbd.DeepLinker;
				PRODUCT_NAME = "$(TARGET_NAME)";
				SWIFT_VERSION = 5.0;
				TARGETED_DEVICE_FAMILY = "1,2";
			};
			name = Debug;
		};
		A5496C28242563E5002986FF /* Release */ = {
			isa = XCBuildConfiguration;
			buildSettings = {
				ASSETCATALOG_COMPILER_APPICON_NAME = AppIcon;
				CODE_SIGN_STYLE = Automatic;
				CURRENT_PROJECT_VERSION = 1;
				DEVELOPMENT_TEAM = T5222MQQ55;
				INFOPLIST_FILE = DeepLinker/Ressources/Info.plist;
				LD_RUNPATH_SEARCH_PATHS = (
					"$(inherited)",
					"@executable_path/Frameworks",
				);
				MARKETING_VERSION = 1.0.0;
				PRODUCT_BUNDLE_IDENTIFIER = com.hbd.DeepLinker;
				PRODUCT_NAME = "$(TARGET_NAME)";
				SWIFT_VERSION = 5.0;
				TARGETED_DEVICE_FAMILY = "1,2";
			};
			name = Release;
		};
/* End XCBuildConfiguration section */

/* Begin XCConfigurationList section */
		A5496C0D242563E4002986FF /* Build configuration list for PBXProject "DeepLinker" */ = {
			isa = XCConfigurationList;
			buildConfigurations = (
				A5496C24242563E5002986FF /* Debug */,
				A5496C25242563E5002986FF /* Release */,
			);
			defaultConfigurationIsVisible = 0;
			defaultConfigurationName = Release;
		};
		A5496C26242563E5002986FF /* Build configuration list for PBXNativeTarget "DeepLinker" */ = {
			isa = XCConfigurationList;
			buildConfigurations = (
				A5496C27242563E5002986FF /* Debug */,
				A5496C28242563E5002986FF /* Release */,
			);
			defaultConfigurationIsVisible = 0;
			defaultConfigurationName = Release;
		};
/* End XCConfigurationList section */

/* Begin XCRemoteSwiftPackageReference section */
		A5496C33242ABB28002986FF /* XCRemoteSwiftPackageReference "HBAutocomplete" */ = {
			isa = XCRemoteSwiftPackageReference;
			repositoryURL = "https://github.com/HugoBoscDucros/HBAutocomplete";
			requirement = {
				kind = upToNextMajorVersion;
				minimumVersion = 1.0.2;
			};
		};
/* End XCRemoteSwiftPackageReference section */

/* Begin XCSwiftPackageProductDependency section */
		A5496C34242ABB28002986FF /* HBAutocomplete */ = {
			isa = XCSwiftPackageProductDependency;
			package = A5496C33242ABB28002986FF /* XCRemoteSwiftPackageReference "HBAutocomplete" */;
			productName = HBAutocomplete;
		};
/* End XCSwiftPackageProductDependency section */
	};
	rootObject = A5496C0A242563E4002986FF /* Project object */;
}
